
Microsoft Visual Studio Solution File, Format Version 12.00
# Visual Studio Version 17
VisualStudioVersion = 17.4.33213.308
MinimumVisualStudioVersion = 10.0.40219.1
Project("{9A19103F-16F7-4668-BE54-9A1E7A4F7556}") = "University", "University\University.csproj", "{C10A6061-953D-4260-A54B-43464C0FB4E4}"
EndProject
Project("{9A19103F-16F7-4668-BE54-9A1E7A4F7556}") = "TestingMVC", "TestingMVC\TestingMVC.csproj", "{83C5C243-B6B6-4109-8833-5C5B9613259A}"
EndProject
Project("{FAE04EC0-301F-11D3-BF4B-00C04F79EFBC}") = "University.DAL", "University.DAL\University.DAL.csproj", "{672F22F7-A48E-45E3-A88B-1EEAC5DA1B8E}"
EndProject
Project("{FAE04EC0-301F-11D3-BF4B-00C04F79EFBC}") = "University.BuisnessLogic", "University.BuisnessLogic\University.BuisnessLogic.csproj", "{4635E583-8D95-445E-8CDF-A190C4585361}"
EndProject
Global
	GlobalSection(SolutionConfigurationPlatforms) = preSolution
		Debug|Any CPU = Debug|Any CPU
		Release|Any CPU = Release|Any CPU
	EndGlobalSection
	GlobalSection(ProjectConfigurationPlatforms) = postSolution
		{C10A6061-953D-4260-A54B-43464C0FB4E4}.Debug|Any CPU.ActiveCfg = Debug|Any CPU
		{C10A6061-953D-4260-A54B-43464C0FB4E4}.Debug|Any CPU.Build.0 = Debug|Any CPU
		{C10A6061-953D-4260-A54B-43464C0FB4E4}.Release|Any CPU.ActiveCfg = Release|Any CPU
		{C10A6061-953D-4260-A54B-43464C0FB4E4}.Release|Any CPU.Build.0 = Release|Any CPU
		{83C5C243-B6B6-4109-8833-5C5B9613259A}.Debug|Any CPU.ActiveCfg = Debug|Any CPU
		{83C5C243-B6B6-4109-8833-5C5B9613259A}.Debug|Any CPU.Build.0 = Debug|Any CPU
		{83C5C243-B6B6-4109-8833-5C5B9613259A}.Release|Any CPU.ActiveCfg = Release|Any CPU
		{83C5C243-B6B6-4109-8833-5C5B9613259A}.Release|Any CPU.Build.0 = Release|Any CPU
		{672F22F7-A48E-45E3-A88B-1EEAC5DA1B8E}.Debug|Any CPU.ActiveCfg = Debug|Any CPU
		{672F22F7-A48E-45E3-A88B-1EEAC5DA1B8E}.Debug|Any CPU.Build.0 = Debug|Any CPU
		{672F22F7-A48E-45E3-A88B-1EEAC5DA1B8E}.Release|Any CPU.ActiveCfg = Release|Any CPU
		{672F22F7-A48E-45E3-A88B-1EEAC5DA1B8E}.Release|Any CPU.Build.0 = Release|Any CPU
		{4635E583-8D95-445E-8CDF-A190C4585361}.Debug|Any CPU.ActiveCfg = Debug|Any CPU
		{4635E583-8D95-445E-8CDF-A190C4585361}.Debug|Any CPU.Build.0 = Debug|Any CPU
		{4635E583-8D95-445E-8CDF-A190C4585361}.Release|Any CPU.ActiveCfg = Release|Any CPU
		{4635E583-8D95-445E-8CDF-A190C4585361}.Release|Any CPU.Build.0 = Release|Any CPU
	EndGlobalSection
	GlobalSection(SolutionProperties) = preSolution
		HideSolutionNode = FALSE
	EndGlobalSection
	GlobalSection(ExtensibilityGlobals) = postSolution
		SolutionGuid = {4E0E2AE2-20CB-409F-9AFF-0CB7CE450E6A}
	EndGlobalSection
EndGlobal
